
Microsoft Visual Studio Solution File, Format Version 12.00
# Visual Studio Version 16
VisualStudioVersion = 16.0.31105.61
MinimumVisualStudioVersion = 10.0.40219.1
Project("{FAE04EC0-301F-11D3-BF4B-00C04F79EFBC}") = "RaactApp", "RaactApp\RaactApp.csproj", "{86B08D0C-18A9-4326-A1D4-4086616D9252}"
EndProject
Global
	GlobalSection(SolutionConfigurationPlatforms) = preSolution
		Debug|Any CPU = Debug|Any CPU
		Release|Any CPU = Release|Any CPU
	EndGlobalSection
	GlobalSection(ProjectConfigurationPlatforms) = postSolution
		{86B08D0C-18A9-4326-A1D4-4086616D9252}.Debug|Any CPU.ActiveCfg = Debug|Any CPU
		{86B08D0C-18A9-4326-A1D4-4086616D9252}.Debug|Any CPU.Build.0 = Debug|Any CPU
		{86B08D0C-18A9-4326-A1D4-4086616D9252}.Release|Any CPU.ActiveCfg = Release|Any CPU
		{86B08D0C-18A9-4326-A1D4-4086616D9252}.Release|Any CPU.Build.0 = Release|Any CPU
	EndGlobalSection
	GlobalSection(SolutionProperties) = preSolution
		HideSolutionNode = FALSE
	EndGlobalSection
	GlobalSection(ExtensibilityGlobals) = postSolution
		SolutionGuid = {618D89E5-7440-48F2-B396-3F74CE99CD83}
	EndGlobalSection
EndGlobal
